
Microsoft Visual Studio Solution File, Format Version 12.00
# Visual Studio 15
VisualStudioVersion = 15.0.27428.2027
MinimumVisualStudioVersion = 10.0.40219.1
Project("{FAE04EC0-301F-11D3-BF4B-00C04F79EFBC}") = "CarService.WebApplication", "CarService.WebApplication\CarService.WebApplication.csproj", "{DDAF27E4-F44F-45A0-BF4A-BD8761AA22D6}"
EndProject
Project("{FAE04EC0-301F-11D3-BF4B-00C04F79EFBC}") = "CarService.WebApplication.Tests", "CarService.WebApplication.Tests\CarService.WebApplication.Tests.csproj", "{2F7AF124-E97E-461A-8938-86AE266665DF}"
EndProject
Project("{FAE04EC0-301F-11D3-BF4B-00C04F79EFBC}") = "CarService.Repository", "CarService.Repository\CarService.Repository.csproj", "{3C078C00-E794-4425-AA22-6049520036D0}"
EndProject
Project("{FAE04EC0-301F-11D3-BF4B-00C04F79EFBC}") = "CarService.Logic", "CarService.Logic\CarService.Logic.csproj", "{97B2BEA0-5642-4034-A028-8F56AAF6BF31}"
EndProject
Project("{FAE04EC0-301F-11D3-BF4B-00C04F79EFBC}") = "CarService.Identity", "CarService.Identity\CarService.Identity.csproj", "{6DAC16B8-7B35-4CDC-BBC3-A8C253721C07}"
EndProject
Global
	GlobalSection(SolutionConfigurationPlatforms) = preSolution
		Debug|Any CPU = Debug|Any CPU
		Release|Any CPU = Release|Any CPU
	EndGlobalSection
	GlobalSection(ProjectConfigurationPlatforms) = postSolution
		{DDAF27E4-F44F-45A0-BF4A-BD8761AA22D6}.Debug|Any CPU.ActiveCfg = Debug|Any CPU
		{DDAF27E4-F44F-45A0-BF4A-BD8761AA22D6}.Debug|Any CPU.Build.0 = Debug|Any CPU
		{DDAF27E4-F44F-45A0-BF4A-BD8761AA22D6}.Release|Any CPU.ActiveCfg = Release|Any CPU
		{DDAF27E4-F44F-45A0-BF4A-BD8761AA22D6}.Release|Any CPU.Build.0 = Release|Any CPU
		{2F7AF124-E97E-461A-8938-86AE266665DF}.Debug|Any CPU.ActiveCfg = Debug|Any CPU
		{2F7AF124-E97E-461A-8938-86AE266665DF}.Debug|Any CPU.Build.0 = Debug|Any CPU
		{2F7AF124-E97E-461A-8938-86AE266665DF}.Release|Any CPU.ActiveCfg = Release|Any CPU
		{2F7AF124-E97E-461A-8938-86AE266665DF}.Release|Any CPU.Build.0 = Release|Any CPU
		{3C078C00-E794-4425-AA22-6049520036D0}.Debug|Any CPU.ActiveCfg = Debug|Any CPU
		{3C078C00-E794-4425-AA22-6049520036D0}.Debug|Any CPU.Build.0 = Debug|Any CPU
		{3C078C00-E794-4425-AA22-6049520036D0}.Release|Any CPU.ActiveCfg = Release|Any CPU
		{3C078C00-E794-4425-AA22-6049520036D0}.Release|Any CPU.Build.0 = Release|Any CPU
		{97B2BEA0-5642-4034-A028-8F56AAF6BF31}.Debug|Any CPU.ActiveCfg = Debug|Any CPU
		{97B2BEA0-5642-4034-A028-8F56AAF6BF31}.Debug|Any CPU.Build.0 = Debug|Any CPU
		{97B2BEA0-5642-4034-A028-8F56AAF6BF31}.Release|Any CPU.ActiveCfg = Release|Any CPU
		{97B2BEA0-5642-4034-A028-8F56AAF6BF31}.Release|Any CPU.Build.0 = Release|Any CPU
		{6DAC16B8-7B35-4CDC-BBC3-A8C253721C07}.Debug|Any CPU.ActiveCfg = Debug|Any CPU
		{6DAC16B8-7B35-4CDC-BBC3-A8C253721C07}.Debug|Any CPU.Build.0 = Debug|Any CPU
		{6DAC16B8-7B35-4CDC-BBC3-A8C253721C07}.Release|Any CPU.ActiveCfg = Release|Any CPU
		{6DAC16B8-7B35-4CDC-BBC3-A8C253721C07}.Release|Any CPU.Build.0 = Release|Any CPU
	EndGlobalSection
	GlobalSection(SolutionProperties) = preSolution
		HideSolutionNode = FALSE
	EndGlobalSection
	GlobalSection(ExtensibilityGlobals) = postSolution
		SolutionGuid = {3F0AEB9D-39E8-445D-ADC7-27904FD9DDA3}
	EndGlobalSection
EndGlobal
